
Microsoft Visual Studio Solution File, Format Version 12.00
# Visual Studio Version 16
VisualStudioVersion = 16.0.29025.244
MinimumVisualStudioVersion = 10.0.40219.1
Project("{2150E333-8FDC-42A3-9474-1A3956D46DE8}") = "SolutionFiles", "SolutionFiles", "{DB7AD4EA-04AB-4B7C-846B-2395F22C336E}"
EndProject
Project("{9A19103F-16F7-4668-BE54-9A1E7A4F7556}") = "Redisharp", "Redisharp\Redisharp.csproj", "{060394A1-97A2-4C9D-8B61-3E56110AD7D1}"
EndProject
Global
	GlobalSection(SolutionConfigurationPlatforms) = preSolution
		Debug|Any CPU = Debug|Any CPU
		Release|Any CPU = Release|Any CPU
	EndGlobalSection
	GlobalSection(ProjectConfigurationPlatforms) = postSolution
		{060394A1-97A2-4C9D-8B61-3E56110AD7D1}.Debug|Any CPU.ActiveCfg = Debug|Any CPU
		{060394A1-97A2-4C9D-8B61-3E56110AD7D1}.Debug|Any CPU.Build.0 = Debug|Any CPU
		{060394A1-97A2-4C9D-8B61-3E56110AD7D1}.Release|Any CPU.ActiveCfg = Release|Any CPU
		{060394A1-97A2-4C9D-8B61-3E56110AD7D1}.Release|Any CPU.Build.0 = Release|Any CPU
	EndGlobalSection
	GlobalSection(SolutionProperties) = preSolution
		HideSolutionNode = FALSE
	EndGlobalSection
	GlobalSection(ExtensibilityGlobals) = postSolution
		SolutionGuid = {58480D17-C864-4AFF-A047-BA4257448A44}
	EndGlobalSection
EndGlobal
